{
  "name": "webp-converter",
  "lockfileVersion": 3,
  "requires": true,
  "packages": {
    "": {
      "devDependencies": {
        "context-driven-dev": "^2.1.0"
      }
    },
    "node_modules/context-driven-dev": {
      "version": "2.1.0",
      "resolved": "https://registry.npmjs.org/context-driven-dev/-/context-driven-dev-2.1.0.tgz",
      "integrity": "sha512-ZX+k+8XsPRbh720TDA38xwmZKxsZiA+B/ZjaLcJiYQjcl/UEphuxxcKtJ2I22HN9YzHujQsK4sF1Y2ZQZ7HTqw==",
      "dev": true,
      "license": "MIT",
      "bin": {
        "cdd": "bin/cdd.js"
      },
      "engines": {
        "node": ">=18"
      }
    }
  }
}
